
Microsoft Visual Studio Solution File, Format Version 12.00
# Visual Studio Version 17
VisualStudioVersion = 17.2.32630.192
MinimumVisualStudioVersion = 10.0.40219.1
Project("{FAE04EC0-301F-11D3-BF4B-00C04F79EFBC}") = "2", "2.csproj", "{23BDE830-69F2-46BD-B38E-BAAD05269873}"
EndProject
Global
	GlobalSection(SolutionConfigurationPlatforms) = preSolution
		Debug|Any CPU = Debug|Any CPU
		Release|Any CPU = Release|Any CPU
	EndGlobalSection
	GlobalSection(ProjectConfigurationPlatforms) = postSolution
		{23BDE830-69F2-46BD-B38E-BAAD05269873}.Debug|Any CPU.ActiveCfg = Debug|Any CPU
		{23BDE830-69F2-46BD-B38E-BAAD05269873}.Debug|Any CPU.Build.0 = Debug|Any CPU
		{23BDE830-69F2-46BD-B38E-BAAD05269873}.Release|Any CPU.ActiveCfg = Release|Any CPU
		{23BDE830-69F2-46BD-B38E-BAAD05269873}.Release|Any CPU.Build.0 = Release|Any CPU
	EndGlobalSection
	GlobalSection(SolutionProperties) = preSolution
		HideSolutionNode = FALSE
	EndGlobalSection
	GlobalSection(ExtensibilityGlobals) = postSolution
		SolutionGuid = {29F75489-DB7C-4A72-8841-4560EA603410}
	EndGlobalSection
EndGlobal
